
Microsoft Visual Studio Solution File, Format Version 12.00
# Visual Studio Version 17
VisualStudioVersion = 17.8.34525.116
MinimumVisualStudioVersion = 10.0.40219.1
Project("{FAE04EC0-301F-11D3-BF4B-00C04F79EFBC}") = "ConsoleUI", "ConsoleUI\ConsoleUI.csproj", "{4BD5713E-8965-4F2E-BF26-5965840C6166}"
EndProject
Global
	GlobalSection(SolutionConfigurationPlatforms) = preSolution
		Debug|Any CPU = Debug|Any CPU
		Release|Any CPU = Release|Any CPU
	EndGlobalSection
	GlobalSection(ProjectConfigurationPlatforms) = postSolution
		{4BD5713E-8965-4F2E-BF26-5965840C6166}.Debug|Any CPU.ActiveCfg = Debug|Any CPU
		{4BD5713E-8965-4F2E-BF26-5965840C6166}.Debug|Any CPU.Build.0 = Debug|Any CPU
		{4BD5713E-8965-4F2E-BF26-5965840C6166}.Release|Any CPU.ActiveCfg = Release|Any CPU
		{4BD5713E-8965-4F2E-BF26-5965840C6166}.Release|Any CPU.Build.0 = Release|Any CPU
	EndGlobalSection
	GlobalSection(SolutionProperties) = preSolution
		HideSolutionNode = FALSE
	EndGlobalSection
	GlobalSection(ExtensibilityGlobals) = postSolution
		SolutionGuid = {F106B5F1-579D-4FE7-A593-356F456D0B23}
	EndGlobalSection
EndGlobal
